
Microsoft Visual Studio Solution File, Format Version 12.00
# Visual Studio Version 16
VisualStudioVersion = 16.0.29728.190
MinimumVisualStudioVersion = 10.0.40219.1
Project("{8BC9CEB8-8B4A-11D0-8D11-00A0C91BC942}") = "HelloModernOpenGl", "HelloModernOpenGl\HelloModernOpenGl.vcxproj", "{E0898787-7733-49F5-9F6D-E2C5F64B1921}"
EndProject
Global
	GlobalSection(SolutionConfigurationPlatforms) = preSolution
		Debug|x64 = Debug|x64
		Debug|x86 = Debug|x86
		Release|x64 = Release|x64
		Release|x86 = Release|x86
	EndGlobalSection
	GlobalSection(ProjectConfigurationPlatforms) = postSolution
		{E0898787-7733-49F5-9F6D-E2C5F64B1921}.Debug|x64.ActiveCfg = Debug|x64
		{E0898787-7733-49F5-9F6D-E2C5F64B1921}.Debug|x64.Build.0 = Debug|x64
		{E0898787-7733-49F5-9F6D-E2C5F64B1921}.Debug|x86.ActiveCfg = Debug|Win32
		{E0898787-7733-49F5-9F6D-E2C5F64B1921}.Debug|x86.Build.0 = Debug|Win32
		{E0898787-7733-49F5-9F6D-E2C5F64B1921}.Release|x64.ActiveCfg = Release|x64
		{E0898787-7733-49F5-9F6D-E2C5F64B1921}.Release|x64.Build.0 = Release|x64
		{E0898787-7733-49F5-9F6D-E2C5F64B1921}.Release|x86.ActiveCfg = Release|Win32
		{E0898787-7733-49F5-9F6D-E2C5F64B1921}.Release|x86.Build.0 = Release|Win32
	EndGlobalSection
	GlobalSection(SolutionProperties) = preSolution
		HideSolutionNode = FALSE
	EndGlobalSection
	GlobalSection(ExtensibilityGlobals) = postSolution
		SolutionGuid = {398615B0-BF86-460F-840A-3F0D5510AD9E}
	EndGlobalSection
EndGlobal
